
Microsoft Visual Studio Solution File, Format Version 12.00
# Visual Studio Version 16
VisualStudioVersion = 16.0.31729.503
MinimumVisualStudioVersion = 10.0.40219.1
Project("{FAE04EC0-301F-11D3-BF4B-00C04F79EFBC}") = "WpfApp15_2", "WpfApp15_2\WpfApp15_2.csproj", "{C81C5F77-17EB-474A-9A9D-0A5B96E142B0}"
EndProject
Global
	GlobalSection(SolutionConfigurationPlatforms) = preSolution
		Debug|Any CPU = Debug|Any CPU
		Release|Any CPU = Release|Any CPU
	EndGlobalSection
	GlobalSection(ProjectConfigurationPlatforms) = postSolution
		{C81C5F77-17EB-474A-9A9D-0A5B96E142B0}.Debug|Any CPU.ActiveCfg = Debug|Any CPU
		{C81C5F77-17EB-474A-9A9D-0A5B96E142B0}.Debug|Any CPU.Build.0 = Debug|Any CPU
		{C81C5F77-17EB-474A-9A9D-0A5B96E142B0}.Release|Any CPU.ActiveCfg = Release|Any CPU
		{C81C5F77-17EB-474A-9A9D-0A5B96E142B0}.Release|Any CPU.Build.0 = Release|Any CPU
	EndGlobalSection
	GlobalSection(SolutionProperties) = preSolution
		HideSolutionNode = FALSE
	EndGlobalSection
	GlobalSection(ExtensibilityGlobals) = postSolution
		SolutionGuid = {E289F24E-D867-4ED4-953A-77C4D9E559FF}
	EndGlobalSection
EndGlobal
